// !$*UTF8*$!
{
	archiveVersion = 1;
	classes = {
	};
	objectVersion = 46;
	objects = {

/* Begin PBXBuildFile section */
		AD3CB51A1C684016009B69A7 /* AppDelegate.swift in Sources */ = {isa = PBXBuildFile; fileRef = AD3CB5191C684016009B69A7 /* AppDelegate.swift */; };
		AD3CB51C1C684016009B69A7 /* ViewController.swift in Sources */ = {isa = PBXBuildFile; fileRef = AD3CB51B1C684016009B69A7 /* ViewController.swift */; };
		AD3CB51F1C684016009B69A7 /* Main.storyboard in Resources */ = {isa = PBXBuildFile; fileRef = AD3CB51D1C684016009B69A7 /* Main.storyboard */; };
		AD3CB5211C684016009B69A7 /* Assets.xcassets in Resources */ = {isa = PBXBuildFile; fileRef = AD3CB5201C684016009B69A7 /* Assets.xcassets */; };
		AD3CB5241C684016009B69A7 /* LaunchScreen.storyboard in Resources */ = {isa = PBXBuildFile; fileRef = AD3CB5221C684016009B69A7 /* LaunchScreen.storyboard */; };
		AD3CB52F1C684016009B69A7 /* Swift05_IBTests.swift in Sources */ = {isa = PBXBuildFile; fileRef = AD3CB52E1C684016009B69A7 /* Swift05_IBTests.swift */; };
		AD3CB53A1C684016009B69A7 /* Swift05_IBUITests.swift in Sources */ = {isa = PBXBuildFile; fileRef = AD3CB5391C684016009B69A7 /* Swift05_IBUITests.swift */; };
/* End PBXBuildFile section */

/* Begin PBXContainerItemProxy section */
		AD3CB52B1C684016009B69A7 /* PBXContainerItemProxy */ = {
			isa = PBXContainerItemProxy;
			containerPortal = AD3CB50E1C684016009B69A7 /* Project object */;
			proxyType = 1;
			remoteGlobalIDString = AD3CB5151C684016009B69A7;
			remoteInfo = "Swift05-IB";
		};
		AD3CB5361C684016009B69A7 /* PBXContainerItemProxy */ = {
			isa = PBXContainerItemProxy;
			containerPortal = AD3CB50E1C684016009B69A7 /* Project object */;
			proxyType = 1;
			remoteGlobalIDString = AD3CB5151C684016009B69A7;
			remoteInfo = "Swift05-IB";
		};
/* End PBXContainerItemProxy section */

/* Begin PBXFileReference section */
		AD3CB5161C684016009B69A7 /* Swift05-IB.app */ = {isa = PBXFileReference; explicitFileType = wrapper.application; includeInIndex = 0; path = "Swift05-IB.app"; sourceTree = BUILT_PRODUCTS_DIR; };
		AD3CB5191C684016009B69A7 /* AppDelegate.swift */ = {isa = PBXFileReference; lastKnownFileType = sourcecode.swift; path = AppDelegate.swift; sourceTree = "<group>"; };
		AD3CB51B1C684016009B69A7 /* ViewController.swift */ = {isa = PBXFileReference; lastKnownFileType = sourcecode.swift; path = ViewController.swift; sourceTree = "<group>"; };
		AD3CB51E1C684016009B69A7 /* Base */ = {isa = PBXFileReference; lastKnownFileType = file.storyboard; name = Base; path = Base.lproj/Main.storyboard; sourceTree = "<group>"; };
		AD3CB5201C684016009B69A7 /* Assets.xcassets */ = {isa = PBXFileReference; lastKnownFileType = folder.assetcatalog; path = Assets.xcassets; sourceTree = "<group>"; };
		AD3CB5231C684016009B69A7 /* Base */ = {isa = PBXFileReference; lastKnownFileType = file.storyboard; name = Base; path = Base.lproj/LaunchScreen.storyboard; sourceTree = "<group>"; };
		AD3CB5251C684016009B69A7 /* Info.plist */ = {isa = PBXFileReference; lastKnownFileType = text.plist.xml; path = Info.plist; sourceTree = "<group>"; };
		AD3CB52A1C684016009B69A7 /* Swift05-IBTests.xctest */ = {isa = PBXFileReference; explicitFileType = wrapper.cfbundle; includeInIndex = 0; path = "Swift05-IBTests.xctest"; sourceTree = BUILT_PRODUCTS_DIR; };
		AD3CB52E1C684016009B69A7 /* Swift05_IBTests.swift */ = {isa = PBXFileReference; lastKnownFileType = sourcecode.swift; path = Swift05_IBTests.swift; sourceTree = "<group>"; };
		AD3CB5301C684016009B69A7 /* Info.plist */ = {isa = PBXFileReference; lastKnownFileType = text.plist.xml; path = Info.plist; sourceTree = "<group>"; };
		AD3CB5351C684016009B69A7 /* Swift05-IBUITests.xctest */ = {isa = PBXFileReference; explicitFileType = wrapper.cfbundle; includeInIndex = 0; path = "Swift05-IBUITests.xctest"; sourceTree = BUILT_PRODUCTS_DIR; };
		AD3CB5391C684016009B69A7 /* Swift05_IBUITests.swift */ = {isa = PBXFileReference; lastKnownFileType = sourcecode.swift; path = Swift05_IBUITests.swift; sourceTree = "<group>"; };
		AD3CB53B1C684016009B69A7 /* Info.plist */ = {isa = PBXFileReference; lastKnownFileType = text.plist.xml; path = Info.plist; sourceTree = "<group>"; };
/* End PBXFileReference section */

/* Begin PBXFrameworksBuildPhase section */
		AD3CB5131C684016009B69A7 /* Frameworks */ = {
			isa = PBXFrameworksBuildPhase;
			buildActionMask = 2147483647;
			files = (
			);
			runOnlyForDeploymentPostprocessing = 0;
		};
		AD3CB5271C684016009B69A7 /* Frameworks */ = {
			isa = PBXFrameworksBuildPhase;
			buildActionMask = 2147483647;
			files = (
			);
			runOnlyForDeploymentPostprocessing = 0;
		};
		AD3CB5321C684016009B69A7 /* Frameworks */ = {
			isa = PBXFrameworksBuildPhase;
			buildActionMask = 2147483647;
			files = (
			);
			runOnlyForDeploymentPostprocessing = 0;
		};
/* End PBXFrameworksBuildPhase section */

/* Begin PBXGroup section */
		AD3CB50D1C684016009B69A7 = {
			isa = PBXGroup;
			children = (
				AD3CB5181C684016009B69A7 /* Swift05-IB */,
				AD3CB52D1C684016009B69A7 /* Swift05-IBTests */,
				AD3CB5381C684016009B69A7 /* Swift05-IBUITests */,
				AD3CB5171C684016009B69A7 /* Products */,
			);
			sourceTree = "<group>";
		};
		AD3CB5171C684016009B69A7 /* Products */ = {
			isa = PBXGroup;
			children = (
				AD3CB5161C684016009B69A7 /* Swift05-IB.app */,
				AD3CB52A1C684016009B69A7 /* Swift05-IBTests.xctest */,
				AD3CB5351C684016009B69A7 /* Swift05-IBUITests.xctest */,
			);
			name = Products;
			sourceTree = "<group>";
		};
		AD3CB5181C684016009B69A7 /* Swift05-IB */ = {
			isa = PBXGroup;
			children = (
				AD3CB5191C684016009B69A7 /* AppDelegate.swift */,
				AD3CB51B1C684016009B69A7 /* ViewController.swift */,
				AD3CB51D1C684016009B69A7 /* Main.storyboard */,
				AD3CB5201C684016009B69A7 /* Assets.xcassets */,
				AD3CB5221C684016009B69A7 /* LaunchScreen.storyboard */,
				AD3CB5251C684016009B69A7 /* Info.plist */,
			);
			path = "Swift05-IB";
			sourceTree = "<group>";
		};
		AD3CB52D1C684016009B69A7 /* Swift05-IBTests */ = {
			isa = PBXGroup;
			children = (
				AD3CB52E1C684016009B69A7 /* Swift05_IBTests.swift */,
				AD3CB5301C684016009B69A7 /* Info.plist */,
			);
			path = "Swift05-IBTests";
			sourceTree = "<group>";
		};
		AD3CB5381C684016009B69A7 /* Swift05-IBUITests */ = {
			isa = PBXGroup;
			children = (
				AD3CB5391C684016009B69A7 /* Swift05_IBUITests.swift */,
				AD3CB53B1C684016009B69A7 /* Info.plist */,
			);
			path = "Swift05-IBUITests";
			sourceTree = "<group>";
		};
/* End PBXGroup section */

/* Begin PBXNativeTarget section */
		AD3CB5151C684016009B69A7 /* Swift05-IB */ = {
			isa = PBXNativeTarget;
			buildConfigurationList = AD3CB53E1C684016009B69A7 /* Build configuration list for PBXNativeTarget "Swift05-IB" */;
			buildPhases = (
				AD3CB5121C684016009B69A7 /* Sources */,
				AD3CB5131C684016009B69A7 /* Frameworks */,
				AD3CB5141C684016009B69A7 /* Resources */,
			);
			buildRules = (
			);
			dependencies = (
			);
			name = "Swift05-IB";
			productName = "Swift05-IB";
			productReference = AD3CB5161C684016009B69A7 /* Swift05-IB.app */;
			productType = "com.apple.product-type.application";
		};
		AD3CB5291C684016009B69A7 /* Swift05-IBTests */ = {
			isa = PBXNativeTarget;
			buildConfigurationList = AD3CB5411C684016009B69A7 /* Build configuration list for PBXNativeTarget "Swift05-IBTests" */;
			buildPhases = (
				AD3CB5261C684016009B69A7 /* Sources */,
				AD3CB5271C684016009B69A7 /* Frameworks */,
				AD3CB5281C684016009B69A7 /* Resources */,
			);
			buildRules = (
			);
			dependencies = (
				AD3CB52C1C684016009B69A7 /* PBXTargetDependency */,
			);
			name = "Swift05-IBTests";
			productName = "Swift05-IBTests";
			productReference = AD3CB52A1C684016009B69A7 /* Swift05-IBTests.xctest */;
			productType = "com.apple.product-type.bundle.unit-test";
		};
		AD3CB5341C684016009B69A7 /* Swift05-IBUITests */ = {
			isa = PBXNativeTarget;
			buildConfigurationList = AD3CB5441C684016009B69A7 /* Build configuration list for PBXNativeTarget "Swift05-IBUITests" */;
			buildPhases = (
				AD3CB5311C684016009B69A7 /* Sources */,
				AD3CB5321C684016009B69A7 /* Frameworks */,
				AD3CB5331C684016009B69A7 /* Resources */,
			);
			buildRules = (
			);
			dependencies = (
				AD3CB5371C684016009B69A7 /* PBXTargetDependency */,
			);
			name = "Swift05-IBUITests";
			productName = "Swift05-IBUITests";
			productReference = AD3CB5351C684016009B69A7 /* Swift05-IBUITests.xctest */;
			productType = "com.apple.product-type.bundle.ui-testing";
		};
/* End PBXNativeTarget section */

/* Begin PBXProject section */
		AD3CB50E1C684016009B69A7 /* Project object */ = {
			isa = PBXProject;
			attributes = {
				LastSwiftUpdateCheck = 0720;
				LastUpgradeCheck = 0720;
				ORGANIZATIONNAME = hsang;
				TargetAttributes = {
					AD3CB5151C684016009B69A7 = {
						CreatedOnToolsVersion = 7.2;
					};
					AD3CB5291C684016009B69A7 = {
						CreatedOnToolsVersion = 7.2;
						TestTargetID = AD3CB5151C684016009B69A7;
					};
					AD3CB5341C684016009B69A7 = {
						CreatedOnToolsVersion = 7.2;
						TestTargetID = AD3CB5151C684016009B69A7;
					};
				};
			};
			buildConfigurationList = AD3CB5111C684016009B69A7 /* Build configuration list for PBXProject "Swift05-IB" */;
			compatibilityVersion = "Xcode 3.2";
			developmentRegion = English;
			hasScannedForEncodings = 0;
			knownRegions = (
				en,
				Base,
			);
			mainGroup = AD3CB50D1C684016009B69A7;
			productRefGroup = AD3CB5171C684016009B69A7 /* Products */;
			projectDirPath = "";
			projectRoot = "";
			targets = (
				AD3CB5151C684016009B69A7 /* Swift05-IB */,
				AD3CB5291C684016009B69A7 /* Swift05-IBTests */,
				AD3CB5341C684016009B69A7 /* Swift05-IBUITests */,
			);
		};
/* End PBXProject section */

/* Begin PBXResourcesBuildPhase section */
		AD3CB5141C684016009B69A7 /* Resources */ = {
			isa = PBXResourcesBuildPhase;
			buildActionMask = 2147483647;
			files = (
				AD3CB5241C684016009B69A7 /* LaunchScreen.storyboard in Resources */,
				AD3CB5211C684016009B69A7 /* Assets.xcassets in Resources */,
				AD3CB51F1C684016009B69A7 /* Main.storyboard in Resources */,
			);
			runOnlyForDeploymentPostprocessing = 0;
		};
		AD3CB5281C684016009B69A7 /* Resources */ = {
			isa = PBXResourcesBuildPhase;
			buildActionMask = 2147483647;
			files = (
			);
			runOnlyForDeploymentPostprocessing = 0;
		};
		AD3CB5331C684016009B69A7 /* Resources */ = {
			isa = PBXResourcesBuildPhase;
			buildActionMask = 2147483647;
			files = (
			);
			runOnlyForDeploymentPostprocessing = 0;
		};
/* End PBXResourcesBuildPhase section */

/* Begin PBXSourcesBuildPhase section */
		AD3CB5121C684016009B69A7 /* Sources */ = {
			isa = PBXSourcesBuildPhase;
			buildActionMask = 2147483647;
			files = (
				AD3CB51C1C684016009B69A7 /* ViewController.swift in Sources */,
				AD3CB51A1C684016009B69A7 /* AppDelegate.swift in Sources */,
			);
			runOnlyForDeploymentPostprocessing = 0;
		};
		AD3CB5261C684016009B69A7 /* Sources */ = {
			isa = PBXSourcesBuildPhase;
			buildActionMask = 2147483647;
			files = (
				AD3CB52F1C684016009B69A7 /* Swift05_IBTests.swift in Sources */,
			);
			runOnlyForDeploymentPostprocessing = 0;
		};
		AD3CB5311C684016009B69A7 /* Sources */ = {
			isa = PBXSourcesBuildPhase;
			buildActionMask = 2147483647;
			files = (
				AD3CB53A1C684016009B69A7 /* Swift05_IBUITests.swift in Sources */,
			);
			runOnlyForDeploymentPostprocessing = 0;
		};
/* End PBXSourcesBuildPhase section */

/* Begin PBXTargetDependency section */
		AD3CB52C1C684016009B69A7 /* PBXTargetDependency */ = {
			isa = PBXTargetDependency;
			target = AD3CB5151C684016009B69A7 /* Swift05-IB */;
			targetProxy = AD3CB52B1C684016009B69A7 /* PBXContainerItemProxy */;
		};
		AD3CB5371C684016009B69A7 /* PBXTargetDependency */ = {
			isa = PBXTargetDependency;
			target = AD3CB5151C684016009B69A7 /* Swift05-IB */;
			targetProxy = AD3CB5361C684016009B69A7 /* PBXContainerItemProxy */;
		};
/* End PBXTargetDependency section */

/* Begin PBXVariantGroup section */
		AD3CB51D1C684016009B69A7 /* Main.storyboard */ = {
			isa = PBXVariantGroup;
			children = (
				AD3CB51E1C684016009B69A7 /* Base */,
			);
			name = Main.storyboard;
			sourceTree = "<group>";
		};
		AD3CB5221C684016009B69A7 /* LaunchScreen.storyboard */ = {
			isa = PBXVariantGroup;
			children = (
				AD3CB5231C684016009B69A7 /* Base */,
			);
			name = LaunchScreen.storyboard;
			sourceTree = "<group>";
		};
/* End PBXVariantGroup section */

/* Begin XCBuildConfiguration section */
		AD3CB53C1C684016009B69A7 /* Debug */ = {
			isa = XCBuildConfiguration;
			buildSettings = {
				ALWAYS_SEARCH_USER_PATHS = NO;
				CLANG_CXX_LANGUAGE_STANDARD = "gnu++0x";
				CLANG_CXX_LIBRARY = "libc++";
				CLANG_ENABLE_MODULES = YES;
				CLANG_ENABLE_OBJC_ARC = YES;
				CLANG_WARN_BOOL_CONVERSION = YES;
				CLANG_WARN_CONSTANT_CONVERSION = YES;
				CLANG_WARN_DIRECT_OBJC_ISA_USAGE = YES_ERROR;
				CLANG_WARN_EMPTY_BODY = YES;
				CLANG_WARN_ENUM_CONVERSION = YES;
				CLANG_WARN_INT_CONVERSION = YES;
				CLANG_WARN_OBJC_ROOT_CLASS = YES_ERROR;
				CLANG_WARN_UNREACHABLE_CODE = YES;
				CLANG_WARN__DUPLICATE_METHOD_MATCH = YES;
				"CODE_SIGN_IDENTITY[sdk=iphoneos*]" = "iPhone Developer";
				COPY_PHASE_STRIP = NO;
				DEBUG_INFORMATION_FORMAT = dwarf;
				ENABLE_STRICT_OBJC_MSGSEND = YES;
				ENABLE_TESTABILITY = YES;
				GCC_C_LANGUAGE_STANDARD = gnu99;
				GCC_DYNAMIC_NO_PIC = NO;
				GCC_NO_COMMON_BLOCKS = YES;
				GCC_OPTIMIZATION_LEVEL = 0;
				GCC_PREPROCESSOR_DEFINITIONS = (
					"DEBUG=1",
					"$(inherited)",
				);
				GCC_WARN_64_TO_32_BIT_CONVERSION = YES;
				GCC_WARN_ABOUT_RETURN_TYPE = YES_ERROR;
				GCC_WARN_UNDECLARED_SELECTOR = YES;
				GCC_WARN_UNINITIALIZED_AUTOS = YES_AGGRESSIVE;
				GCC_WARN_UNUSED_FUNCTION = YES;
				GCC_WARN_UNUSED_VARIABLE = YES;
				IPHONEOS_DEPLOYMENT_TARGET = 9.2;
				MTL_ENABLE_DEBUG_INFO = YES;
				ONLY_ACTIVE_ARCH = YES;
				SDKROOT = iphoneos;
				SWIFT_OPTIMIZATION_LEVEL = "-Onone";
			};
			name = Debug;
		};
		AD3CB53D1C684016009B69A7 /* Release */ = {
			isa = XCBuildConfiguration;
			buildSettings = {
				ALWAYS_SEARCH_USER_PATHS = NO;
				CLANG_CXX_LANGUAGE_STANDARD = "gnu++0x";
				CLANG_CXX_LIBRARY = "libc++";
				CLANG_ENABLE_MODULES = YES;
				CLANG_ENABLE_OBJC_ARC = YES;
				CLANG_WARN_BOOL_CONVERSION = YES;
				CLANG_WARN_CONSTANT_CONVERSION = YES;
				CLANG_WARN_DIRECT_OBJC_ISA_USAGE = YES_ERROR;
				CLANG_WARN_EMPTY_BODY = YES;
				CLANG_WARN_ENUM_CONVERSION = YES;
				CLANG_WARN_INT_CONVERSION = YES;
				CLANG_WARN_OBJC_ROOT_CLASS = YES_ERROR;
				CLANG_WARN_UNREACHABLE_CODE = YES;
				CLANG_WARN__DUPLICATE_METHOD_MATCH = YES;
				"CODE_SIGN_IDENTITY[sdk=iphoneos*]" = "iPhone Developer";
				COPY_PHASE_STRIP = NO;
				DEBUG_INFORMATION_FORMAT = "dwarf-with-dsym";
				ENABLE_NS_ASSERTIONS = NO;
				ENABLE_STRICT_OBJC_MSGSEND = YES;
				GCC_C_LANGUAGE_STANDARD = gnu99;
				GCC_NO_COMMON_BLOCKS = YES;
				GCC_WARN_64_TO_32_BIT_CONVERSION = YES;
				GCC_WARN_ABOUT_RETURN_TYPE = YES_ERROR;
				GCC_WARN_UNDECLARED_SELECTOR = YES;
				GCC_WARN_UNINITIALIZED_AUTOS = YES_AGGRESSIVE;
				GCC_WARN_UNUSED_FUNCTION = YES;
				GCC_WARN_UNUSED_VARIABLE = YES;
				IPHONEOS_DEPLOYMENT_TARGET = 9.2;
				MTL_ENABLE_DEBUG_INFO = NO;
				SDKROOT = iphoneos;
				VALIDATE_PRODUCT = YES;
			};
			name = Release;
		};
		AD3CB53F1C684016009B69A7 /* Debug */ = {
			isa = XCBuildConfiguration;
			buildSettings = {
				ASSETCATALOG_COMPILER_APPICON_NAME = AppIcon;
				INFOPLIST_FILE = "Swift05-IB/Info.plist";
				LD_RUNPATH_SEARCH_PATHS = "$(inherited) @executable_path/Frameworks";
				PRODUCT_BUNDLE_IDENTIFIER = "com.hsang.Swift05-IB";
				PRODUCT_NAME = "$(TARGET_NAME)";
			};
			name = Debug;
		};
		AD3CB5401C684016009B69A7 /* Release */ = {
			isa = XCBuildConfiguration;
			buildSettings = {
				ASSETCATALOG_COMPILER_APPICON_NAME = AppIcon;
				INFOPLIST_FILE = "Swift05-IB/Info.plist";
				LD_RUNPATH_SEARCH_PATHS = "$(inherited) @executable_path/Frameworks";
				PRODUCT_BUNDLE_IDENTIFIER = "com.hsang.Swift05-IB";
				PRODUCT_NAME = "$(TARGET_NAME)";
			};
			name = Release;
		};
		AD3CB5421C684016009B69A7 /* Debug */ = {
			isa = XCBuildConfiguration;
			buildSettings = {
				BUNDLE_LOADER = "$(TEST_HOST)";
				INFOPLIST_FILE = "Swift05-IBTests/Info.plist";
				LD_RUNPATH_SEARCH_PATHS = "$(inherited) @executable_path/Frameworks @loader_path/Frameworks";
				PRODUCT_BUNDLE_IDENTIFIER = "com.hsang.Swift05-IBTests";
				PRODUCT_NAME = "$(TARGET_NAME)";
				TEST_HOST = "$(BUILT_PRODUCTS_DIR)/Swift05-IB.app/Swift05-IB";
			};
			name = Debug;
		};
		AD3CB5431C684016009B69A7 /* Release */ = {
			isa = XCBuildConfiguration;
			buildSettings = {
				BUNDLE_LOADER = "$(TEST_HOST)";
				INFOPLIST_FILE = "Swift05-IBTests/Info.plist";
				LD_RUNPATH_SEARCH_PATHS = "$(inherited) @executable_path/Frameworks @loader_path/Frameworks";
				PRODUCT_BUNDLE_IDENTIFIER = "com.hsang.Swift05-IBTests";
				PRODUCT_NAME = "$(TARGET_NAME)";
				TEST_HOST = "$(BUILT_PRODUCTS_DIR)/Swift05-IB.app/Swift05-IB";
			};
			name = Release;
		};
		AD3CB5451C684016009B69A7 /* Debug */ = {
			isa = XCBuildConfiguration;
			buildSettings = {
				INFOPLIST_FILE = "Swift05-IBUITests/Info.plist";
				LD_RUNPATH_SEARCH_PATHS = "$(inherited) @executable_path/Frameworks @loader_path/Frameworks";
				PRODUCT_BUNDLE_IDENTIFIER = "com.hsang.Swift05-IBUITests";
				PRODUCT_NAME = "$(TARGET_NAME)";
				TEST_TARGET_NAME = "Swift05-IB";
				USES_XCTRUNNER = YES;
			};
			name = Debug;
		};
		AD3CB5461C684016009B69A7 /* Release */ = {
			isa = XCBuildConfiguration;
			buildSettings = {
				INFOPLIST_FILE = "Swift05-IBUITests/Info.plist";
				LD_RUNPATH_SEARCH_PATHS = "$(inherited) @executable_path/Frameworks @loader_path/Frameworks";
				PRODUCT_BUNDLE_IDENTIFIER = "com.hsang.Swift05-IBUITests";
				PRODUCT_NAME = "$(TARGET_NAME)";
				TEST_TARGET_NAME = "Swift05-IB";
				USES_XCTRUNNER = YES;
			};
			name = Release;
		};
/* End XCBuildConfiguration section */

/* Begin XCConfigurationList section */
		AD3CB5111C684016009B69A7 /* Build configuration list for PBXProject "Swift05-IB" */ = {
			isa = XCConfigurationList;
			buildConfigurations = (
				AD3CB53C1C684016009B69A7 /* Debug */,
				AD3CB53D1C684016009B69A7 /* Release */,
			);
			defaultConfigurationIsVisible = 0;
			defaultConfigurationName = Release;
		};
		AD3CB53E1C684016009B69A7 /* Build configuration list for PBXNativeTarget "Swift05-IB" */ = {
			isa = XCConfigurationList;
			buildConfigurations = (
				AD3CB53F1C684016009B69A7 /* Debug */,
				AD3CB5401C684016009B69A7 /* Release */,
			);
			defaultConfigurationIsVisible = 0;
		};
		AD3CB5411C684016009B69A7 /* Build configuration list for PBXNativeTarget "Swift05-IBTests" */ = {
			isa = XCConfigurationList;
			buildConfigurations = (
				AD3CB5421C684016009B69A7 /* Debug */,
				AD3CB5431C684016009B69A7 /* Release */,
			);
			defaultConfigurationIsVisible = 0;
		};
		AD3CB5441C684016009B69A7 /* Build configuration list for PBXNativeTarget "Swift05-IBUITests" */ = {
			isa = XCConfigurationList;
			buildConfigurations = (
				AD3CB5451C684016009B69A7 /* Debug */,
				AD3CB5461C684016009B69A7 /* Release */,
			);
			defaultConfigurationIsVisible = 0;
		};
/* End XCConfigurationList section */
	};
	rootObject = AD3CB50E1C684016009B69A7 /* Project object */;
}
